
Microsoft Visual Studio Solution File, Format Version 12.00
# Visual Studio Version 17
VisualStudioVersion = 17.14.36616.10 d17.14
MinimumVisualStudioVersion = 10.0.40219.1
Project("{FAE04EC0-301F-11D3-BF4B-00C04F79EFBC}") = "InventorySystem-webapi", "InventorySystem-webapi.csproj", "{044FE2C3-6BBB-403E-1F7A-8FEDFB5393C1}"
EndProject
Global
	GlobalSection(SolutionConfigurationPlatforms) = preSolution
		Debug|Any CPU = Debug|Any CPU
		Release|Any CPU = Release|Any CPU
	EndGlobalSection
	GlobalSection(ProjectConfigurationPlatforms) = postSolution
		{044FE2C3-6BBB-403E-1F7A-8FEDFB5393C1}.Debug|Any CPU.ActiveCfg = Debug|Any CPU
		{044FE2C3-6BBB-403E-1F7A-8FEDFB5393C1}.Debug|Any CPU.Build.0 = Debug|Any CPU
		{044FE2C3-6BBB-403E-1F7A-8FEDFB5393C1}.Release|Any CPU.ActiveCfg = Release|Any CPU
		{044FE2C3-6BBB-403E-1F7A-8FEDFB5393C1}.Release|Any CPU.Build.0 = Release|Any CPU
	EndGlobalSection
	GlobalSection(SolutionProperties) = preSolution
		HideSolutionNode = FALSE
	EndGlobalSection
	GlobalSection(ExtensibilityGlobals) = postSolution
		SolutionGuid = {C342186B-C81E-4FE6-BE89-D58017131A7C}
	EndGlobalSection
EndGlobal
